github.com/retnowati3099/go-say-welcome v1.0.0 h1:qAPbKG5xsnHgl3w3LqiQhUGYApNY1keoBpbEwt5e7jo=
github.com/retnowati3099/go-say-welcome v1.0.0/go.mod h1:UAtUzMH3Tx4i7qRPlFTG22Jzc4dwFV/PjFv5zYziumU=
github.com/retnowati3099/go-say-welcome v1.0.1 h1:pN0D7+w8fnp4U61ujqFJ1hVLZ1k87dsXzIYK9a+u8p4=
github.com/retnowati3099/go-say-welcome v1.0.1/go.mod h1:UAtUzMH3Tx4i7qRPlFTG22Jzc4dwFV/PjFv5zYziumU=
github.com/retnowati3099/go-say-welcome/v2 v2.0.0 h1:aNj6Dv96N3LuQd5gtELiftMubY8tW3+i4CS2LtB/sdU=
github.com/retnowati3099/go-say-welcome/v2 v2.0.0/go.mod h1:aBcKrsz1A+g40v+y9YGQPThEtMr0AZKjqUNT+zp8eT8=
